// !$*UTF8*$!
{
	archiveVersion = 1;
	classes = {
	};
	objectVersion = 50;
	objects = {

/* Begin PBXBuildFile section */
		18089B0620BA4F210033D12A /* Title.swift in Sources */ = {isa = PBXBuildFile; fileRef = 18089B0520BA4F210033D12A /* Title.swift */; };
		18089B0820BA52600033D12A /* SkillBookComponent.swift in Sources */ = {isa = PBXBuildFile; fileRef = 18089B0720BA52600033D12A /* SkillBookComponent.swift */; };
		1825878D20BB4E0100E0E1D1 /* DisablingClickBox.swift in Sources */ = {isa = PBXBuildFile; fileRef = 1825878C20BB4E0100E0E1D1 /* DisablingClickBox.swift */; };
		1825879020BB60D900E0E1D1 /* SkillCell.swift in Sources */ = {isa = PBXBuildFile; fileRef = 1825878E20BB60D900E0E1D1 /* SkillCell.swift */; };
		1825879120BB60D900E0E1D1 /* SkillCell.xib in Resources */ = {isa = PBXBuildFile; fileRef = 1825878F20BB60D900E0E1D1 /* SkillCell.xib */; };
		182DF2E620BA2FD700B8B322 /* CampComponent.swift in Sources */ = {isa = PBXBuildFile; fileRef = 182DF2E520BA2FD700B8B322 /* CampComponent.swift */; };
		182DF2E820BA309500B8B322 /* MainEntityComponent.swift in Sources */ = {isa = PBXBuildFile; fileRef = 182DF2E720BA309500B8B322 /* MainEntityComponent.swift */; };
		182DF2EA20BA31F200B8B322 /* EntityManager.swift in Sources */ = {isa = PBXBuildFile; fileRef = 182DF2E920BA31F200B8B322 /* EntityManager.swift */; };
		182DF2EC20BA372600B8B322 /* StartPositionComponent.swift in Sources */ = {isa = PBXBuildFile; fileRef = 182DF2EB20BA372600B8B322 /* StartPositionComponent.swift */; };
		185354F920C41BAD00336A51 /* Types.swift in Sources */ = {isa = PBXBuildFile; fileRef = 185354F820C41BAD00336A51 /* Types.swift */; };
		185354FB20C41BD100336A51 /* Ids.swift in Sources */ = {isa = PBXBuildFile; fileRef = 185354FA20C41BD100336A51 /* Ids.swift */; };
		185354FD20C41C6700336A51 /* DataProvider.swift in Sources */ = {isa = PBXBuildFile; fileRef = 185354FC20C41C6700336A51 /* DataProvider.swift */; };
		18715A1320B892B800059D0D /* AppDelegate.swift in Sources */ = {isa = PBXBuildFile; fileRef = 18715A1220B892B800059D0D /* AppDelegate.swift */; };
		18715A1520B892B800059D0D /* GameScene.sks in Resources */ = {isa = PBXBuildFile; fileRef = 18715A1420B892B800059D0D /* GameScene.sks */; };
		18715A1720B892B800059D0D /* Actions.sks in Resources */ = {isa = PBXBuildFile; fileRef = 18715A1620B892B800059D0D /* Actions.sks */; };
		18715A1920B892B800059D0D /* GameScene.swift in Sources */ = {isa = PBXBuildFile; fileRef = 18715A1820B892B800059D0D /* GameScene.swift */; };
		18715A1B20B892B800059D0D /* ViewController.swift in Sources */ = {isa = PBXBuildFile; fileRef = 18715A1A20B892B800059D0D /* ViewController.swift */; };
		18715A1D20B892B900059D0D /* Assets.xcassets in Resources */ = {isa = PBXBuildFile; fileRef = 18715A1C20B892B900059D0D /* Assets.xcassets */; };
		18715A2020B892B900059D0D /* Main.storyboard in Resources */ = {isa = PBXBuildFile; fileRef = 18715A1E20B892B900059D0D /* Main.storyboard */; };
		18715A2C20B892B900059D0D /* AnimariaTests.swift in Sources */ = {isa = PBXBuildFile; fileRef = 18715A2B20B892B900059D0D /* AnimariaTests.swift */; };
		18715A3720B8968600059D0D /* Skill.swift in Sources */ = {isa = PBXBuildFile; fileRef = 18715A3620B8968600059D0D /* Skill.swift */; };
		18715A3B20B89AEF00059D0D /* Extensions.swift in Sources */ = {isa = PBXBuildFile; fileRef = 18715A3A20B89AEF00059D0D /* Extensions.swift */; };
		18715A3D20B89FED00059D0D /* Object.swift in Sources */ = {isa = PBXBuildFile; fileRef = 18715A3C20B89FED00059D0D /* Object.swift */; };
		18715A3F20B8A24F00059D0D /* Resource.swift in Sources */ = {isa = PBXBuildFile; fileRef = 18715A3E20B8A24F00059D0D /* Resource.swift */; };
		18715A4120B8E04200059D0D /* TextureComponent.swift in Sources */ = {isa = PBXBuildFile; fileRef = 18715A4020B8E04200059D0D /* TextureComponent.swift */; };
		18715A4320B8E30D00059D0D /* Character.swift in Sources */ = {isa = PBXBuildFile; fileRef = 18715A4220B8E30D00059D0D /* Character.swift */; };
		18715A4520B973E100059D0D /* MapTileSet.sks in Resources */ = {isa = PBXBuildFile; fileRef = 18715A4420B973E100059D0D /* MapTileSet.sks */; };
		18715A4720B976DD00059D0D /* LegacyTileSet.sks in Resources */ = {isa = PBXBuildFile; fileRef = 18715A4620B976DD00059D0D /* LegacyTileSet.sks */; };
		18BA454820B9B7BD00E56E6F /* NamingComponent.swift in Sources */ = {isa = PBXBuildFile; fileRef = 18BA454720B9B7BD00E56E6F /* NamingComponent.swift */; };
		18BA454A20B9BA7B00E56E6F /* Objects.xcassets in Resources */ = {isa = PBXBuildFile; fileRef = 18BA454920B9BA7B00E56E6F /* Objects.xcassets */; };
		18BA454C20B9BBB000E56E6F /* ScreenBorderType.swift in Sources */ = {isa = PBXBuildFile; fileRef = 18BA454B20B9BBB000E56E6F /* ScreenBorderType.swift */; };
		18BA454E20B9D33F00E56E6F /* GameInterfaceBar.swift in Sources */ = {isa = PBXBuildFile; fileRef = 18BA454D20B9D33F00E56E6F /* GameInterfaceBar.swift */; };
		18BA455120B9DB6700E56E6F /* Building.swift in Sources */ = {isa = PBXBuildFile; fileRef = 18BA455020B9DB6700E56E6F /* Building.swift */; };
		18BA455320B9F6F600E56E6F /* TempletableEntity.swift in Sources */ = {isa = PBXBuildFile; fileRef = 18BA455220B9F6F600E56E6F /* TempletableEntity.swift */; };
		18BA455520B9F95000E56E6F /* Template.swift in Sources */ = {isa = PBXBuildFile; fileRef = 18BA455420B9F95000E56E6F /* Template.swift */; };
		18BA455720B9FB1B00E56E6F /* LifeComponent.swift in Sources */ = {isa = PBXBuildFile; fileRef = 18BA455620B9FB1B00E56E6F /* LifeComponent.swift */; };
		18BA455920B9FF3900E56E6F /* Race.swift in Sources */ = {isa = PBXBuildFile; fileRef = 18BA455820B9FF3900E56E6F /* Race.swift */; };
		18BA455B20BA030900E56E6F /* Races.xcassets in Resources */ = {isa = PBXBuildFile; fileRef = 18BA455A20BA030900E56E6F /* Races.xcassets */; };
/* End PBXBuildFile section */

/* Begin PBXContainerItemProxy section */
		18715A2820B892B900059D0D /* PBXContainerItemProxy */ = {
			isa = PBXContainerItemProxy;
			containerPortal = 18715A0720B892B800059D0D /* Project object */;
			proxyType = 1;
			remoteGlobalIDString = 18715A0E20B892B800059D0D;
			remoteInfo = Animaria;
		};
/* End PBXContainerItemProxy section */

/* Begin PBXFileReference section */
		18089B0520BA4F210033D12A /* Title.swift */ = {isa = PBXFileReference; lastKnownFileType = sourcecode.swift; path = Title.swift; sourceTree = "<group>"; };
		18089B0720BA52600033D12A /* SkillBookComponent.swift */ = {isa = PBXFileReference; lastKnownFileType = sourcecode.swift; path = SkillBookComponent.swift; sourceTree = "<group>"; };
		1825878C20BB4E0100E0E1D1 /* DisablingClickBox.swift */ = {isa = PBXFileReference; lastKnownFileType = sourcecode.swift; path = DisablingClickBox.swift; sourceTree = "<group>"; };
		1825878E20BB60D900E0E1D1 /* SkillCell.swift */ = {isa = PBXFileReference; lastKnownFileType = sourcecode.swift; path = SkillCell.swift; sourceTree = "<group>"; };
		1825878F20BB60D900E0E1D1 /* SkillCell.xib */ = {isa = PBXFileReference; lastKnownFileType = file.xib; path = SkillCell.xib; sourceTree = "<group>"; };
		182DF2E520BA2FD700B8B322 /* CampComponent.swift */ = {isa = PBXFileReference; lastKnownFileType = sourcecode.swift; path = CampComponent.swift; sourceTree = "<group>"; };
		182DF2E720BA309500B8B322 /* MainEntityComponent.swift */ = {isa = PBXFileReference; lastKnownFileType = sourcecode.swift; path = MainEntityComponent.swift; sourceTree = "<group>"; };
		182DF2E920BA31F200B8B322 /* EntityManager.swift */ = {isa = PBXFileReference; lastKnownFileType = sourcecode.swift; path = EntityManager.swift; sourceTree = "<group>"; };
		182DF2EB20BA372600B8B322 /* StartPositionComponent.swift */ = {isa = PBXFileReference; lastKnownFileType = sourcecode.swift; path = StartPositionComponent.swift; sourceTree = "<group>"; };
		185354F820C41BAD00336A51 /* Types.swift */ = {isa = PBXFileReference; lastKnownFileType = sourcecode.swift; path = Types.swift; sourceTree = "<group>"; };
		185354FA20C41BD100336A51 /* Ids.swift */ = {isa = PBXFileReference; lastKnownFileType = sourcecode.swift; path = Ids.swift; sourceTree = "<group>"; };
		185354FC20C41C6700336A51 /* DataProvider.swift */ = {isa = PBXFileReference; lastKnownFileType = sourcecode.swift; path = DataProvider.swift; sourceTree = "<group>"; };
		18715A0F20B892B800059D0D /* Animaria.app */ = {isa = PBXFileReference; explicitFileType = wrapper.application; includeInIndex = 0; path = Animaria.app; sourceTree = BUILT_PRODUCTS_DIR; };
		18715A1220B892B800059D0D /* AppDelegate.swift */ = {isa = PBXFileReference; lastKnownFileType = sourcecode.swift; path = AppDelegate.swift; sourceTree = "<group>"; };
		18715A1420B892B800059D0D /* GameScene.sks */ = {isa = PBXFileReference; lastKnownFileType = file.sks; path = GameScene.sks; sourceTree = "<group>"; };
		18715A1620B892B800059D0D /* Actions.sks */ = {isa = PBXFileReference; lastKnownFileType = file.sks; path = Actions.sks; sourceTree = "<group>"; };
		18715A1820B892B800059D0D /* GameScene.swift */ = {isa = PBXFileReference; lastKnownFileType = sourcecode.swift; path = GameScene.swift; sourceTree = "<group>"; };
		18715A1A20B892B800059D0D /* ViewController.swift */ = {isa = PBXFileReference; lastKnownFileType = sourcecode.swift; path = ViewController.swift; sourceTree = "<group>"; };
		18715A1C20B892B900059D0D /* Assets.xcassets */ = {isa = PBXFileReference; lastKnownFileType = folder.assetcatalog; path = Assets.xcassets; sourceTree = "<group>"; };
		18715A1F20B892B900059D0D /* Base */ = {isa = PBXFileReference; lastKnownFileType = file.storyboard; name = Base; path = Base.lproj/Main.storyboard; sourceTree = "<group>"; };
		18715A2120B892B900059D0D /* Info.plist */ = {isa = PBXFileReference; lastKnownFileType = text.plist.xml; path = Info.plist; sourceTree = "<group>"; };
		18715A2220B892B900059D0D /* Animaria.entitlements */ = {isa = PBXFileReference; lastKnownFileType = text.plist.entitlements; path = Animaria.entitlements; sourceTree = "<group>"; };
		18715A2720B892B900059D0D /* AnimariaTests.xctest */ = {isa = PBXFileReference; explicitFileType = wrapper.cfbundle; includeInIndex = 0; path = AnimariaTests.xctest; sourceTree = BUILT_PRODUCTS_DIR; };
		18715A2B20B892B900059D0D /* AnimariaTests.swift */ = {isa = PBXFileReference; lastKnownFileType = sourcecode.swift; path = AnimariaTests.swift; sourceTree = "<group>"; };
		18715A2D20B892B900059D0D /* Info.plist */ = {isa = PBXFileReference; lastKnownFileType = text.plist.xml; path = Info.plist; sourceTree = "<group>"; };
		18715A3620B8968600059D0D /* Skill.swift */ = {isa = PBXFileReference; lastKnownFileType = sourcecode.swift; path = Skill.swift; sourceTree = "<group>"; };
		18715A3A20B89AEF00059D0D /* Extensions.swift */ = {isa = PBXFileReference; lastKnownFileType = sourcecode.swift; path = Extensions.swift; sourceTree = "<group>"; };
		18715A3C20B89FED00059D0D /* Object.swift */ = {isa = PBXFileReference; lastKnownFileType = sourcecode.swift; path = Object.swift; sourceTree = "<group>"; };
		18715A3E20B8A24F00059D0D /* Resource.swift */ = {isa = PBXFileReference; lastKnownFileType = sourcecode.swift; path = Resource.swift; sourceTree = "<group>"; };
		18715A4020B8E04200059D0D /* TextureComponent.swift */ = {isa = PBXFileReference; lastKnownFileType = sourcecode.swift; path = TextureComponent.swift; sourceTree = "<group>"; };
		18715A4220B8E30D00059D0D /* Character.swift */ = {isa = PBXFileReference; lastKnownFileType = sourcecode.swift; path = Character.swift; sourceTree = "<group>"; };
		18715A4420B973E100059D0D /* MapTileSet.sks */ = {isa = PBXFileReference; lastKnownFileType = file.sks; path = MapTileSet.sks; sourceTree = "<group>"; };
		18715A4620B976DD00059D0D /* LegacyTileSet.sks */ = {isa = PBXFileReference; lastKnownFileType = file.sks; path = LegacyTileSet.sks; sourceTree = "<group>"; };
		18BA454720B9B7BD00E56E6F /* NamingComponent.swift */ = {isa = PBXFileReference; lastKnownFileType = sourcecode.swift; path = NamingComponent.swift; sourceTree = "<group>"; };
		18BA454920B9BA7B00E56E6F /* Objects.xcassets */ = {isa = PBXFileReference; lastKnownFileType = folder.assetcatalog; path = Objects.xcassets; sourceTree = "<group>"; };
		18BA454B20B9BBB000E56E6F /* ScreenBorderType.swift */ = {isa = PBXFileReference; lastKnownFileType = sourcecode.swift; path = ScreenBorderType.swift; sourceTree = "<group>"; };
		18BA454D20B9D33F00E56E6F /* GameInterfaceBar.swift */ = {isa = PBXFileReference; lastKnownFileType = sourcecode.swift; path = GameInterfaceBar.swift; sourceTree = "<group>"; };
		18BA455020B9DB6700E56E6F /* Building.swift */ = {isa = PBXFileReference; lastKnownFileType = sourcecode.swift; path = Building.swift; sourceTree = "<group>"; };
		18BA455220B9F6F600E56E6F /* TempletableEntity.swift */ = {isa = PBXFileReference; lastKnownFileType = sourcecode.swift; path = TempletableEntity.swift; sourceTree = "<group>"; };
		18BA455420B9F95000E56E6F /* Template.swift */ = {isa = PBXFileReference; lastKnownFileType = sourcecode.swift; path = Template.swift; sourceTree = "<group>"; };
		18BA455620B9FB1B00E56E6F /* LifeComponent.swift */ = {isa = PBXFileReference; lastKnownFileType = sourcecode.swift; path = LifeComponent.swift; sourceTree = "<group>"; };
		18BA455820B9FF3900E56E6F /* Race.swift */ = {isa = PBXFileReference; lastKnownFileType = sourcecode.swift; path = Race.swift; sourceTree = "<group>"; };
		18BA455A20BA030900E56E6F /* Races.xcassets */ = {isa = PBXFileReference; lastKnownFileType = folder.assetcatalog; path = Races.xcassets; sourceTree = "<group>"; };
/* End PBXFileReference section */

/* Begin PBXFrameworksBuildPhase section */
		18715A0C20B892B800059D0D /* Frameworks */ = {
			isa = PBXFrameworksBuildPhase;
			buildActionMask = 2147483647;
			files = (
			);
			runOnlyForDeploymentPostprocessing = 0;
		};
		18715A2420B892B900059D0D /* Frameworks */ = {
			isa = PBXFrameworksBuildPhase;
			buildActionMask = 2147483647;
			files = (
			);
			runOnlyForDeploymentPostprocessing = 0;
		};
/* End PBXFrameworksBuildPhase section */

/* Begin PBXGroup section */
		1825879220BB60EC00E0E1D1 /* Views */ = {
			isa = PBXGroup;
			children = (
				1825878C20BB4E0100E0E1D1 /* DisablingClickBox.swift */,
				1825878E20BB60D900E0E1D1 /* SkillCell.swift */,
				1825878F20BB60D900E0E1D1 /* SkillCell.xib */,
			);
			path = Views;
			sourceTree = "<group>";
		};
		18715A0620B892B800059D0D = {
			isa = PBXGroup;
			children = (
				18715A1120B892B800059D0D /* Animaria */,
				18715A2A20B892B900059D0D /* AnimariaTests */,
				18715A1020B892B800059D0D /* Products */,
			);
			sourceTree = "<group>";
		};
		18715A1020B892B800059D0D /* Products */ = {
			isa = PBXGroup;
			children = (
				18715A0F20B892B800059D0D /* Animaria.app */,
				18715A2720B892B900059D0D /* AnimariaTests.xctest */,
			);
			name = Products;
			sourceTree = "<group>";
		};
		18715A1120B892B800059D0D /* Animaria */ = {
			isa = PBXGroup;
			children = (
				18715A1220B892B800059D0D /* AppDelegate.swift */,
				18715A1420B892B800059D0D /* GameScene.sks */,
				18715A1620B892B800059D0D /* Actions.sks */,
				18715A1820B892B800059D0D /* GameScene.swift */,
				182DF2E920BA31F200B8B322 /* EntityManager.swift */,
				1825879220BB60EC00E0E1D1 /* Views */,
				18BA454B20B9BBB000E56E6F /* ScreenBorderType.swift */,
				18715A1A20B892B800059D0D /* ViewController.swift */,
				18715A3E20B8A24F00059D0D /* Resource.swift */,
				18715A3620B8968600059D0D /* Skill.swift */,
				18089B0520BA4F210033D12A /* Title.swift */,
				18BA455420B9F95000E56E6F /* Template.swift */,
				18BA455820B9FF3900E56E6F /* Race.swift */,
				185354FC20C41C6700336A51 /* DataProvider.swift */,
				18BA454F20B9DB3800E56E6F /* Entities */,
				18BA454620B9B7A900E56E6F /* Components */,
				18715A3A20B89AEF00059D0D /* Extensions.swift */,
				18BA454920B9BA7B00E56E6F /* Objects.xcassets */,
				18715A1C20B892B900059D0D /* Assets.xcassets */,
				18BA455A20BA030900E56E6F /* Races.xcassets */,
				18715A1E20B892B900059D0D /* Main.storyboard */,
				18BA454D20B9D33F00E56E6F /* GameInterfaceBar.swift */,
				18715A2120B892B900059D0D /* Info.plist */,
				18715A2220B892B900059D0D /* Animaria.entitlements */,
				18715A4420B973E100059D0D /* MapTileSet.sks */,
				18715A4620B976DD00059D0D /* LegacyTileSet.sks */,
			);
			path = Animaria;
			sourceTree = "<group>";
		};
		18715A2A20B892B900059D0D /* AnimariaTests */ = {
			isa = PBXGroup;
			children = (
				18715A2B20B892B900059D0D /* AnimariaTests.swift */,
				18715A2D20B892B900059D0D /* Info.plist */,
			);
			path = AnimariaTests;
			sourceTree = "<group>";
		};
		18BA454620B9B7A900E56E6F /* Components */ = {
			isa = PBXGroup;
			children = (
				18715A4020B8E04200059D0D /* TextureComponent.swift */,
				18BA454720B9B7BD00E56E6F /* NamingComponent.swift */,
				18BA455620B9FB1B00E56E6F /* LifeComponent.swift */,
				182DF2E520BA2FD700B8B322 /* CampComponent.swift */,
				182DF2E720BA309500B8B322 /* MainEntityComponent.swift */,
				182DF2EB20BA372600B8B322 /* StartPositionComponent.swift */,
				18089B0720BA52600033D12A /* SkillBookComponent.swift */,
			);
			path = Components;
			sourceTree = "<group>";
		};
		18BA454F20B9DB3800E56E6F /* Entities */ = {
			isa = PBXGroup;
			children = (
				18715A4220B8E30D00059D0D /* Character.swift */,
				18715A3C20B89FED00059D0D /* Object.swift */,
				18BA455020B9DB6700E56E6F /* Building.swift */,
				18BA455220B9F6F600E56E6F /* TempletableEntity.swift */,
				185354F820C41BAD00336A51 /* Types.swift */,
				185354FA20C41BD100336A51 /* Ids.swift */,
			);
			path = Entities;
			sourceTree = "<group>";
		};
/* End PBXGroup section */

/* Begin PBXNativeTarget section */
		18715A0E20B892B800059D0D /* Animaria */ = {
			isa = PBXNativeTarget;
			buildConfigurationList = 18715A3020B892B900059D0D /* Build configuration list for PBXNativeTarget "Animaria" */;
			buildPhases = (
				18715A0B20B892B800059D0D /* Sources */,
				18715A0C20B892B800059D0D /* Frameworks */,
				18715A0D20B892B800059D0D /* Resources */,
			);
			buildRules = (
			);
			dependencies = (
			);
			name = Animaria;
			productName = Animaria;
			productReference = 18715A0F20B892B800059D0D /* Animaria.app */;
			productType = "com.apple.product-type.application";
		};
		18715A2620B892B900059D0D /* AnimariaTests */ = {
			isa = PBXNativeTarget;
			buildConfigurationList = 18715A3320B892B900059D0D /* Build configuration list for PBXNativeTarget "AnimariaTests" */;
			buildPhases = (
				18715A2320B892B900059D0D /* Sources */,
				18715A2420B892B900059D0D /* Frameworks */,
				18715A2520B892B900059D0D /* Resources */,
			);
			buildRules = (
			);
			dependencies = (
				18715A2920B892B900059D0D /* PBXTargetDependency */,
			);
			name = AnimariaTests;
			productName = AnimariaTests;
			productReference = 18715A2720B892B900059D0D /* AnimariaTests.xctest */;
			productType = "com.apple.product-type.bundle.unit-test";
		};
/* End PBXNativeTarget section */

/* Begin PBXProject section */
		18715A0720B892B800059D0D /* Project object */ = {
			isa = PBXProject;
			attributes = {
				LastSwiftUpdateCheck = 0930;
				LastUpgradeCheck = 0930;
				ORGANIZATIONNAME = "Clément NONN";
				TargetAttributes = {
					18715A0E20B892B800059D0D = {
						CreatedOnToolsVersion = 9.3.1;
					};
					18715A2620B892B900059D0D = {
						CreatedOnToolsVersion = 9.3.1;
						TestTargetID = 18715A0E20B892B800059D0D;
					};
				};
			};
			buildConfigurationList = 18715A0A20B892B800059D0D /* Build configuration list for PBXProject "Animaria" */;
			compatibilityVersion = "Xcode 9.3";
			developmentRegion = en;
			hasScannedForEncodings = 0;
			knownRegions = (
				en,
				Base,
			);
			mainGroup = 18715A0620B892B800059D0D;
			productRefGroup = 18715A1020B892B800059D0D /* Products */;
			projectDirPath = "";
			projectRoot = "";
			targets = (
				18715A0E20B892B800059D0D /* Animaria */,
				18715A2620B892B900059D0D /* AnimariaTests */,
			);
		};
/* End PBXProject section */

/* Begin PBXResourcesBuildPhase section */
		18715A0D20B892B800059D0D /* Resources */ = {
			isa = PBXResourcesBuildPhase;
			buildActionMask = 2147483647;
			files = (
				18BA455B20BA030900E56E6F /* Races.xcassets in Resources */,
				18715A1520B892B800059D0D /* GameScene.sks in Resources */,
				18715A4520B973E100059D0D /* MapTileSet.sks in Resources */,
				18715A1D20B892B900059D0D /* Assets.xcassets in Resources */,
				1825879120BB60D900E0E1D1 /* SkillCell.xib in Resources */,
				18BA454A20B9BA7B00E56E6F /* Objects.xcassets in Resources */,
				18715A4720B976DD00059D0D /* LegacyTileSet.sks in Resources */,
				18715A1720B892B800059D0D /* Actions.sks in Resources */,
				18715A2020B892B900059D0D /* Main.storyboard in Resources */,
			);
			runOnlyForDeploymentPostprocessing = 0;
		};
		18715A2520B892B900059D0D /* Resources */ = {
			isa = PBXResourcesBuildPhase;
			buildActionMask = 2147483647;
			files = (
			);
			runOnlyForDeploymentPostprocessing = 0;
		};
/* End PBXResourcesBuildPhase section */

/* Begin PBXSourcesBuildPhase section */
		18715A0B20B892B800059D0D /* Sources */ = {
			isa = PBXSourcesBuildPhase;
			buildActionMask = 2147483647;
			files = (
				18BA454820B9B7BD00E56E6F /* NamingComponent.swift in Sources */,
				18715A1B20B892B800059D0D /* ViewController.swift in Sources */,
				18089B0620BA4F210033D12A /* Title.swift in Sources */,
				18715A3F20B8A24F00059D0D /* Resource.swift in Sources */,
				18715A3720B8968600059D0D /* Skill.swift in Sources */,
				18BA455920B9FF3900E56E6F /* Race.swift in Sources */,
				185354FB20C41BD100336A51 /* Ids.swift in Sources */,
				18715A1920B892B800059D0D /* GameScene.swift in Sources */,
				18BA455520B9F95000E56E6F /* Template.swift in Sources */,
				18089B0820BA52600033D12A /* SkillBookComponent.swift in Sources */,
				185354FD20C41C6700336A51 /* DataProvider.swift in Sources */,
				18BA454E20B9D33F00E56E6F /* GameInterfaceBar.swift in Sources */,
				18715A3D20B89FED00059D0D /* Object.swift in Sources */,
				18715A1320B892B800059D0D /* AppDelegate.swift in Sources */,
				182DF2EA20BA31F200B8B322 /* EntityManager.swift in Sources */,
				18715A3B20B89AEF00059D0D /* Extensions.swift in Sources */,
				1825878D20BB4E0100E0E1D1 /* DisablingClickBox.swift in Sources */,
				18715A4320B8E30D00059D0D /* Character.swift in Sources */,
				182DF2E620BA2FD700B8B322 /* CampComponent.swift in Sources */,
				182DF2E820BA309500B8B322 /* MainEntityComponent.swift in Sources */,
				182DF2EC20BA372600B8B322 /* StartPositionComponent.swift in Sources */,
				1825879020BB60D900E0E1D1 /* SkillCell.swift in Sources */,
				18BA454C20B9BBB000E56E6F /* ScreenBorderType.swift in Sources */,
				185354F920C41BAD00336A51 /* Types.swift in Sources */,
				18BA455320B9F6F600E56E6F /* TempletableEntity.swift in Sources */,
				18715A4120B8E04200059D0D /* TextureComponent.swift in Sources */,
				18BA455720B9FB1B00E56E6F /* LifeComponent.swift in Sources */,
				18BA455120B9DB6700E56E6F /* Building.swift in Sources */,
			);
			runOnlyForDeploymentPostprocessing = 0;
		};
		18715A2320B892B900059D0D /* Sources */ = {
			isa = PBXSourcesBuildPhase;
			buildActionMask = 2147483647;
			files = (
				18715A2C20B892B900059D0D /* AnimariaTests.swift in Sources */,
			);
			runOnlyForDeploymentPostprocessing = 0;
		};
/* End PBXSourcesBuildPhase section */

/* Begin PBXTargetDependency section */
		18715A2920B892B900059D0D /* PBXTargetDependency */ = {
			isa = PBXTargetDependency;
			target = 18715A0E20B892B800059D0D /* Animaria */;
			targetProxy = 18715A2820B892B900059D0D /* PBXContainerItemProxy */;
		};
/* End PBXTargetDependency section */

/* Begin PBXVariantGroup section */
		18715A1E20B892B900059D0D /* Main.storyboard */ = {
			isa = PBXVariantGroup;
			children = (
				18715A1F20B892B900059D0D /* Base */,
			);
			name = Main.storyboard;
			sourceTree = "<group>";
		};
/* End PBXVariantGroup section */

/* Begin XCBuildConfiguration section */
		18715A2E20B892B900059D0D /* Debug */ = {
			isa = XCBuildConfiguration;
			buildSettings = {
				ALWAYS_SEARCH_USER_PATHS = NO;
				CLANG_ANALYZER_NONNULL = YES;
				CLANG_ANALYZER_NUMBER_OBJECT_CONVERSION = YES_AGGRESSIVE;
				CLANG_CXX_LANGUAGE_STANDARD = "gnu++14";
				CLANG_CXX_LIBRARY = "libc++";
				CLANG_ENABLE_MODULES = YES;
				CLANG_ENABLE_OBJC_ARC = YES;
				CLANG_ENABLE_OBJC_WEAK = YES;
				CLANG_WARN_BLOCK_CAPTURE_AUTORELEASING = YES;
				CLANG_WARN_BOOL_CONVERSION = YES;
				CLANG_WARN_COMMA = YES;
				CLANG_WARN_CONSTANT_CONVERSION = YES;
				CLANG_WARN_DEPRECATED_OBJC_IMPLEMENTATIONS = YES;
				CLANG_WARN_DIRECT_OBJC_ISA_USAGE = YES_ERROR;
				CLANG_WARN_DOCUMENTATION_COMMENTS = YES;
				CLANG_WARN_EMPTY_BODY = YES;
				CLANG_WARN_ENUM_CONVERSION = YES;
				CLANG_WARN_INFINITE_RECURSION = YES;
				CLANG_WARN_INT_CONVERSION = YES;
				CLANG_WARN_NON_LITERAL_NULL_CONVERSION = YES;
				CLANG_WARN_OBJC_IMPLICIT_RETAIN_SELF = YES;
				CLANG_WARN_OBJC_LITERAL_CONVERSION = YES;
				CLANG_WARN_OBJC_ROOT_CLASS = YES_ERROR;
				CLANG_WARN_RANGE_LOOP_ANALYSIS = YES;
				CLANG_WARN_STRICT_PROTOTYPES = YES;
				CLANG_WARN_SUSPICIOUS_MOVE = YES;
				CLANG_WARN_UNGUARDED_AVAILABILITY = YES_AGGRESSIVE;
				CLANG_WARN_UNREACHABLE_CODE = YES;
				CLANG_WARN__DUPLICATE_METHOD_MATCH = YES;
				CODE_SIGN_IDENTITY = "Mac Developer";
				COPY_PHASE_STRIP = NO;
				DEBUG_INFORMATION_FORMAT = dwarf;
				ENABLE_STRICT_OBJC_MSGSEND = YES;
				ENABLE_TESTABILITY = YES;
				GCC_C_LANGUAGE_STANDARD = gnu11;
				GCC_DYNAMIC_NO_PIC = NO;
				GCC_NO_COMMON_BLOCKS = YES;
				GCC_OPTIMIZATION_LEVEL = 0;
				GCC_PREPROCESSOR_DEFINITIONS = (
					"DEBUG=1",
					"$(inherited)",
				);
				GCC_WARN_64_TO_32_BIT_CONVERSION = YES;
				GCC_WARN_ABOUT_RETURN_TYPE = YES_ERROR;
				GCC_WARN_UNDECLARED_SELECTOR = YES;
				GCC_WARN_UNINITIALIZED_AUTOS = YES_AGGRESSIVE;
				GCC_WARN_UNUSED_FUNCTION = YES;
				GCC_WARN_UNUSED_VARIABLE = YES;
				MACOSX_DEPLOYMENT_TARGET = 10.13;
				MTL_ENABLE_DEBUG_INFO = YES;
				ONLY_ACTIVE_ARCH = YES;
				SDKROOT = macosx;
				SWIFT_ACTIVE_COMPILATION_CONDITIONS = DEBUG;
				SWIFT_OPTIMIZATION_LEVEL = "-Onone";
			};
			name = Debug;
		};
		18715A2F20B892B900059D0D /* Release */ = {
			isa = XCBuildConfiguration;
			buildSettings = {
				ALWAYS_SEARCH_USER_PATHS = NO;
				CLANG_ANALYZER_NONNULL = YES;
				CLANG_ANALYZER_NUMBER_OBJECT_CONVERSION = YES_AGGRESSIVE;
				CLANG_CXX_LANGUAGE_STANDARD = "gnu++14";
				CLANG_CXX_LIBRARY = "libc++";
				CLANG_ENABLE_MODULES = YES;
				CLANG_ENABLE_OBJC_ARC = YES;
				CLANG_ENABLE_OBJC_WEAK = YES;
				CLANG_WARN_BLOCK_CAPTURE_AUTORELEASING = YES;
				CLANG_WARN_BOOL_CONVERSION = YES;
				CLANG_WARN_COMMA = YES;
				CLANG_WARN_CONSTANT_CONVERSION = YES;
				CLANG_WARN_DEPRECATED_OBJC_IMPLEMENTATIONS = YES;
				CLANG_WARN_DIRECT_OBJC_ISA_USAGE = YES_ERROR;
				CLANG_WARN_DOCUMENTATION_COMMENTS = YES;
				CLANG_WARN_EMPTY_BODY = YES;
				CLANG_WARN_ENUM_CONVERSION = YES;
				CLANG_WARN_INFINITE_RECURSION = YES;
				CLANG_WARN_INT_CONVERSION = YES;
				CLANG_WARN_NON_LITERAL_NULL_CONVERSION = YES;
				CLANG_WARN_OBJC_IMPLICIT_RETAIN_SELF = YES;
				CLANG_WARN_OBJC_LITERAL_CONVERSION = YES;
				CLANG_WARN_OBJC_ROOT_CLASS = YES_ERROR;
				CLANG_WARN_RANGE_LOOP_ANALYSIS = YES;
				CLANG_WARN_STRICT_PROTOTYPES = YES;
				CLANG_WARN_SUSPICIOUS_MOVE = YES;
				CLANG_WARN_UNGUARDED_AVAILABILITY = YES_AGGRESSIVE;
				CLANG_WARN_UNREACHABLE_CODE = YES;
				CLANG_WARN__DUPLICATE_METHOD_MATCH = YES;
				CODE_SIGN_IDENTITY = "Mac Developer";
				COPY_PHASE_STRIP = NO;
				DEBUG_INFORMATION_FORMAT = "dwarf-with-dsym";
				ENABLE_NS_ASSERTIONS = NO;
				ENABLE_STRICT_OBJC_MSGSEND = YES;
				GCC_C_LANGUAGE_STANDARD = gnu11;
				GCC_NO_COMMON_BLOCKS = YES;
				GCC_WARN_64_TO_32_BIT_CONVERSION = YES;
				GCC_WARN_ABOUT_RETURN_TYPE = YES_ERROR;
				GCC_WARN_UNDECLARED_SELECTOR = YES;
				GCC_WARN_UNINITIALIZED_AUTOS = YES_AGGRESSIVE;
				GCC_WARN_UNUSED_FUNCTION = YES;
				GCC_WARN_UNUSED_VARIABLE = YES;
				MACOSX_DEPLOYMENT_TARGET = 10.13;
				MTL_ENABLE_DEBUG_INFO = NO;
				SDKROOT = macosx;
				SWIFT_COMPILATION_MODE = wholemodule;
				SWIFT_OPTIMIZATION_LEVEL = "-O";
			};
			name = Release;
		};
		18715A3120B892B900059D0D /* Debug */ = {
			isa = XCBuildConfiguration;
			buildSettings = {
				ASSETCATALOG_COMPILER_APPICON_NAME = AppIcon;
				CODE_SIGN_ENTITLEMENTS = Animaria/Animaria.entitlements;
				CODE_SIGN_STYLE = Automatic;
				COMBINE_HIDPI_IMAGES = YES;
				DEVELOPMENT_TEAM = V645YUN93L;
				INFOPLIST_FILE = Animaria/Info.plist;
				LD_RUNPATH_SEARCH_PATHS = (
					"$(inherited)",
					"@executable_path/../Frameworks",
				);
				PRODUCT_BUNDLE_IDENTIFIER = clement.nonn.Animaria;
				PRODUCT_NAME = "$(TARGET_NAME)";
				SWIFT_VERSION = 4.0;
			};
			name = Debug;
		};
		18715A3220B892B900059D0D /* Release */ = {
			isa = XCBuildConfiguration;
			buildSettings = {
				ASSETCATALOG_COMPILER_APPICON_NAME = AppIcon;
				CODE_SIGN_ENTITLEMENTS = Animaria/Animaria.entitlements;
				CODE_SIGN_STYLE = Automatic;
				COMBINE_HIDPI_IMAGES = YES;
				DEVELOPMENT_TEAM = V645YUN93L;
				INFOPLIST_FILE = Animaria/Info.plist;
				LD_RUNPATH_SEARCH_PATHS = (
					"$(inherited)",
					"@executable_path/../Frameworks",
				);
				PRODUCT_BUNDLE_IDENTIFIER = clement.nonn.Animaria;
				PRODUCT_NAME = "$(TARGET_NAME)";
				SWIFT_VERSION = 4.0;
			};
			name = Release;
		};
		18715A3420B892B900059D0D /* Debug */ = {
			isa = XCBuildConfiguration;
			buildSettings = {
				ALWAYS_EMBED_SWIFT_STANDARD_LIBRARIES = YES;
				BUNDLE_LOADER = "$(TEST_HOST)";
				CODE_SIGN_STYLE = Automatic;
				COMBINE_HIDPI_IMAGES = YES;
				DEVELOPMENT_TEAM = V645YUN93L;
				INFOPLIST_FILE = AnimariaTests/Info.plist;
				LD_RUNPATH_SEARCH_PATHS = (
					"$(inherited)",
					"@executable_path/../Frameworks",
					"@loader_path/../Frameworks",
				);
				PRODUCT_BUNDLE_IDENTIFIER = clement.nonn.AnimariaTests;
				PRODUCT_NAME = "$(TARGET_NAME)";
				SWIFT_VERSION = 4.0;
				TEST_HOST = "$(BUILT_PRODUCTS_DIR)/Animaria.app/Contents/MacOS/Animaria";
			};
			name = Debug;
		};
		18715A3520B892B900059D0D /* Release */ = {
			isa = XCBuildConfiguration;
			buildSettings = {
				ALWAYS_EMBED_SWIFT_STANDARD_LIBRARIES = YES;
				BUNDLE_LOADER = "$(TEST_HOST)";
				CODE_SIGN_STYLE = Automatic;
				COMBINE_HIDPI_IMAGES = YES;
				DEVELOPMENT_TEAM = V645YUN93L;
				INFOPLIST_FILE = AnimariaTests/Info.plist;
				LD_RUNPATH_SEARCH_PATHS = (
					"$(inherited)",
					"@executable_path/../Frameworks",
					"@loader_path/../Frameworks",
				);
				PRODUCT_BUNDLE_IDENTIFIER = clement.nonn.AnimariaTests;
				PRODUCT_NAME = "$(TARGET_NAME)";
				SWIFT_VERSION = 4.0;
				TEST_HOST = "$(BUILT_PRODUCTS_DIR)/Animaria.app/Contents/MacOS/Animaria";
			};
			name = Release;
		};
/* End XCBuildConfiguration section */

/* Begin XCConfigurationList section */
		18715A0A20B892B800059D0D /* Build configuration list for PBXProject "Animaria" */ = {
			isa = XCConfigurationList;
			buildConfigurations = (
				18715A2E20B892B900059D0D /* Debug */,
				18715A2F20B892B900059D0D /* Release */,
			);
			defaultConfigurationIsVisible = 0;
			defaultConfigurationName = Release;
		};
		18715A3020B892B900059D0D /* Build configuration list for PBXNativeTarget "Animaria" */ = {
			isa = XCConfigurationList;
			buildConfigurations = (
				18715A3120B892B900059D0D /* Debug */,
				18715A3220B892B900059D0D /* Release */,
			);
			defaultConfigurationIsVisible = 0;
			defaultConfigurationName = Release;
		};
		18715A3320B892B900059D0D /* Build configuration list for PBXNativeTarget "AnimariaTests" */ = {
			isa = XCConfigurationList;
			buildConfigurations = (
				18715A3420B892B900059D0D /* Debug */,
				18715A3520B892B900059D0D /* Release */,
			);
			defaultConfigurationIsVisible = 0;
			defaultConfigurationName = Release;
		};
/* End XCConfigurationList section */
	};
	rootObject = 18715A0720B892B800059D0D /* Project object */;
}
